
Microsoft Visual Studio Solution File, Format Version 12.00
# Visual Studio Version 17
VisualStudioVersion = 17.12.35506.116
MinimumVisualStudioVersion = 10.0.40219.1
Project("{FAE04EC0-301F-11D3-BF4B-00C04F79EFBC}") = "MauiMovies.Core", "src\MauiMovies.Core\MauiMovies.Core.csproj", "{704DA9D4-11DF-4648-8397-088C92A4C07A}"
EndProject
Project("{FAE04EC0-301F-11D3-BF4B-00C04F79EFBC}") = "MauiMovies.Infrastructure", "src\MauiMovies.Infrastructure\MauiMovies.Infrastructure.csproj", "{E7601A20-D4F2-4471-8F4F-30F0B9E4DFCD}"
EndProject
Project("{FAE04EC0-301F-11D3-BF4B-00C04F79EFBC}") = "MauiMovies.UI", "src\MauiMovies.UI\MauiMovies.UI.csproj", "{3FC8E120-9129-4D51-B038-3CB9699364F6}"
EndProject
Project("{2150E333-8FDC-42A3-9474-1A3956D46DE8}") = "Tests", "Tests", "{CE631CF0-9C42-4849-833D-1424A3688A33}"
EndProject
Project("{FAE04EC0-301F-11D3-BF4B-00C04F79EFBC}") = "MauiMovies.Core.Tests", "tests\MauiMovies.Core.Tests\MauiMovies.Core.Tests.csproj", "{DE6754F4-F770-49EE-9ED2-FF39ACB2E665}"
EndProject
Project("{FAE04EC0-301F-11D3-BF4B-00C04F79EFBC}") = "MauiMovies.Infrastructure.Tests", "tests\MauiMovies.Infrastructure.Tests\MauiMovies.Infrastructure.Tests.csproj", "{89944584-6E49-4DA9-B0DA-D7E4A2EF06BA}"
EndProject
Project("{2150E333-8FDC-42A3-9474-1A3956D46DE8}") = "UITests", "UITests", "{B6A72884-ACA3-476B-852A-9B22397D2925}"
EndProject
Project("{FAE04EC0-301F-11D3-BF4B-00C04F79EFBC}") = "MauiMovies.UITests.Shared", "tests\MauiMovies.UITests.Shared\MauiMovies.UITests.Shared.csproj", "{38F74AB5-D2AE-42F3-A2CC-CC0158870152}"
EndProject
Project("{FAE04EC0-301F-11D3-BF4B-00C04F79EFBC}") = "MauiMovies.UITests.Android", "tests\MauiMovies.UITests.Android\MauiMovies.UITests.Android.csproj", "{3D8310DC-C985-45B5-8963-867D3D6B950B}"
EndProject
Project("{FAE04EC0-301F-11D3-BF4B-00C04F79EFBC}") = "MauiMovies.UITests.iOS", "tests\MauiMovies.UITests.iOS\MauiMovies.UITests.iOS.csproj", "{EAA4FB08-5223-4A7E-B9CB-90BE9D436381}"
EndProject
Project("{FAE04EC0-301F-11D3-BF4B-00C04F79EFBC}") = "MauiMovies.UITests.macOS", "tests\MauiMovies.UITests.macOS\MauiMovies.UITests.macOS.csproj", "{9A0D3CC9-0F8F-46AC-8760-D08BAA0A3F2F}"
EndProject
Project("{FAE04EC0-301F-11D3-BF4B-00C04F79EFBC}") = "MauiMovies.UITests.Windows", "tests\MauiMovies.UITests.Windows\MauiMovies.UITests.Windows.csproj", "{DDDCC190-8735-4FC1-AAB9-018EC5017EFA}"
EndProject
Project("{2150E333-8FDC-42A3-9474-1A3956D46DE8}") = "Itens de Solução", "Itens de Solução", "{380A7511-A354-6D7A-0CC0-8FA1F1BA7B6C}"
	ProjectSection(SolutionItems) = preProject
		.editorconfig = .editorconfig
		src\MauiMovies.UI\Settings.XamlStyler = src\MauiMovies.UI\Settings.XamlStyler
	EndProjectSection
EndProject
Global
	GlobalSection(SolutionConfigurationPlatforms) = preSolution
		Debug|Any CPU = Debug|Any CPU
		Release|Any CPU = Release|Any CPU
	EndGlobalSection
	GlobalSection(ProjectConfigurationPlatforms) = postSolution
		{704DA9D4-11DF-4648-8397-088C92A4C07A}.Debug|Any CPU.ActiveCfg = Debug|Any CPU
		{704DA9D4-11DF-4648-8397-088C92A4C07A}.Debug|Any CPU.Build.0 = Debug|Any CPU
		{704DA9D4-11DF-4648-8397-088C92A4C07A}.Release|Any CPU.ActiveCfg = Release|Any CPU
		{704DA9D4-11DF-4648-8397-088C92A4C07A}.Release|Any CPU.Build.0 = Release|Any CPU
		{E7601A20-D4F2-4471-8F4F-30F0B9E4DFCD}.Debug|Any CPU.ActiveCfg = Debug|Any CPU
		{E7601A20-D4F2-4471-8F4F-30F0B9E4DFCD}.Debug|Any CPU.Build.0 = Debug|Any CPU
		{E7601A20-D4F2-4471-8F4F-30F0B9E4DFCD}.Release|Any CPU.ActiveCfg = Release|Any CPU
		{E7601A20-D4F2-4471-8F4F-30F0B9E4DFCD}.Release|Any CPU.Build.0 = Release|Any CPU
		{3FC8E120-9129-4D51-B038-3CB9699364F6}.Debug|Any CPU.ActiveCfg = Debug|Any CPU
		{3FC8E120-9129-4D51-B038-3CB9699364F6}.Debug|Any CPU.Build.0 = Debug|Any CPU
		{3FC8E120-9129-4D51-B038-3CB9699364F6}.Debug|Any CPU.Deploy.0 = Debug|Any CPU
		{3FC8E120-9129-4D51-B038-3CB9699364F6}.Release|Any CPU.ActiveCfg = Release|Any CPU
		{3FC8E120-9129-4D51-B038-3CB9699364F6}.Release|Any CPU.Build.0 = Release|Any CPU
		{DE6754F4-F770-49EE-9ED2-FF39ACB2E665}.Debug|Any CPU.ActiveCfg = Debug|Any CPU
		{DE6754F4-F770-49EE-9ED2-FF39ACB2E665}.Debug|Any CPU.Build.0 = Debug|Any CPU
		{DE6754F4-F770-49EE-9ED2-FF39ACB2E665}.Release|Any CPU.ActiveCfg = Release|Any CPU
		{DE6754F4-F770-49EE-9ED2-FF39ACB2E665}.Release|Any CPU.Build.0 = Release|Any CPU
		{89944584-6E49-4DA9-B0DA-D7E4A2EF06BA}.Debug|Any CPU.ActiveCfg = Debug|Any CPU
		{89944584-6E49-4DA9-B0DA-D7E4A2EF06BA}.Debug|Any CPU.Build.0 = Debug|Any CPU
		{89944584-6E49-4DA9-B0DA-D7E4A2EF06BA}.Release|Any CPU.ActiveCfg = Release|Any CPU
		{89944584-6E49-4DA9-B0DA-D7E4A2EF06BA}.Release|Any CPU.Build.0 = Release|Any CPU
		{38F74AB5-D2AE-42F3-A2CC-CC0158870152}.Debug|Any CPU.ActiveCfg = Debug|Any CPU
		{38F74AB5-D2AE-42F3-A2CC-CC0158870152}.Debug|Any CPU.Build.0 = Debug|Any CPU
		{38F74AB5-D2AE-42F3-A2CC-CC0158870152}.Release|Any CPU.ActiveCfg = Release|Any CPU
		{38F74AB5-D2AE-42F3-A2CC-CC0158870152}.Release|Any CPU.Build.0 = Release|Any CPU
		{3D8310DC-C985-45B5-8963-867D3D6B950B}.Debug|Any CPU.ActiveCfg = Debug|Any CPU
		{3D8310DC-C985-45B5-8963-867D3D6B950B}.Debug|Any CPU.Build.0 = Debug|Any CPU
		{3D8310DC-C985-45B5-8963-867D3D6B950B}.Release|Any CPU.ActiveCfg = Release|Any CPU
		{3D8310DC-C985-45B5-8963-867D3D6B950B}.Release|Any CPU.Build.0 = Release|Any CPU
		{EAA4FB08-5223-4A7E-B9CB-90BE9D436381}.Debug|Any CPU.ActiveCfg = Debug|Any CPU
		{EAA4FB08-5223-4A7E-B9CB-90BE9D436381}.Debug|Any CPU.Build.0 = Debug|Any CPU
		{EAA4FB08-5223-4A7E-B9CB-90BE9D436381}.Release|Any CPU.ActiveCfg = Release|Any CPU
		{EAA4FB08-5223-4A7E-B9CB-90BE9D436381}.Release|Any CPU.Build.0 = Release|Any CPU
		{9A0D3CC9-0F8F-46AC-8760-D08BAA0A3F2F}.Debug|Any CPU.ActiveCfg = Debug|Any CPU
		{9A0D3CC9-0F8F-46AC-8760-D08BAA0A3F2F}.Debug|Any CPU.Build.0 = Debug|Any CPU
		{9A0D3CC9-0F8F-46AC-8760-D08BAA0A3F2F}.Release|Any CPU.ActiveCfg = Release|Any CPU
		{9A0D3CC9-0F8F-46AC-8760-D08BAA0A3F2F}.Release|Any CPU.Build.0 = Release|Any CPU
		{DDDCC190-8735-4FC1-AAB9-018EC5017EFA}.Debug|Any CPU.ActiveCfg = Debug|Any CPU
		{DDDCC190-8735-4FC1-AAB9-018EC5017EFA}.Debug|Any CPU.Build.0 = Debug|Any CPU
		{DDDCC190-8735-4FC1-AAB9-018EC5017EFA}.Release|Any CPU.ActiveCfg = Release|Any CPU
		{DDDCC190-8735-4FC1-AAB9-018EC5017EFA}.Release|Any CPU.Build.0 = Release|Any CPU
	EndGlobalSection
	GlobalSection(SolutionProperties) = preSolution
		HideSolutionNode = FALSE
	EndGlobalSection
	GlobalSection(NestedProjects) = preSolution
		{DE6754F4-F770-49EE-9ED2-FF39ACB2E665} = {CE631CF0-9C42-4849-833D-1424A3688A33}
		{89944584-6E49-4DA9-B0DA-D7E4A2EF06BA} = {CE631CF0-9C42-4849-833D-1424A3688A33}
		{38F74AB5-D2AE-42F3-A2CC-CC0158870152} = {B6A72884-ACA3-476B-852A-9B22397D2925}
		{3D8310DC-C985-45B5-8963-867D3D6B950B} = {B6A72884-ACA3-476B-852A-9B22397D2925}
		{EAA4FB08-5223-4A7E-B9CB-90BE9D436381} = {B6A72884-ACA3-476B-852A-9B22397D2925}
		{9A0D3CC9-0F8F-46AC-8760-D08BAA0A3F2F} = {B6A72884-ACA3-476B-852A-9B22397D2925}
		{DDDCC190-8735-4FC1-AAB9-018EC5017EFA} = {B6A72884-ACA3-476B-852A-9B22397D2925}
	EndGlobalSection
	GlobalSection(ExtensibilityGlobals) = postSolution
		SolutionGuid = {B2B5D5EE-CCC9-422D-8C31-DF653A03471C}
	EndGlobalSection
EndGlobal
